
Microsoft Visual Studio Solution File, Format Version 12.00
# Visual Studio Version 17
VisualStudioVersion = 17.2.32519.379
MinimumVisualStudioVersion = 10.0.40219.1
Project("{FAE04EC0-301F-11D3-BF4B-00C04F79EFBC}") = "ACS_Lab2", "ACS_Lab2\ACS_Lab2.csproj", "{116C9889-699C-422A-80D4-5398B82EC020}"
EndProject
Global
	GlobalSection(SolutionConfigurationPlatforms) = preSolution
		Debug|Any CPU = Debug|Any CPU
		Release|Any CPU = Release|Any CPU
	EndGlobalSection
	GlobalSection(ProjectConfigurationPlatforms) = postSolution
		{116C9889-699C-422A-80D4-5398B82EC020}.Debug|Any CPU.ActiveCfg = Debug|Any CPU
		{116C9889-699C-422A-80D4-5398B82EC020}.Debug|Any CPU.Build.0 = Debug|Any CPU
		{116C9889-699C-422A-80D4-5398B82EC020}.Release|Any CPU.ActiveCfg = Release|Any CPU
		{116C9889-699C-422A-80D4-5398B82EC020}.Release|Any CPU.Build.0 = Release|Any CPU
	EndGlobalSection
	GlobalSection(SolutionProperties) = preSolution
		HideSolutionNode = FALSE
	EndGlobalSection
	GlobalSection(ExtensibilityGlobals) = postSolution
		SolutionGuid = {104402A6-EEA0-4915-93CC-5477DAF7820F}
	EndGlobalSection
EndGlobal
